// !$*UTF8*$!
{
	archiveVersion = 1;
	classes = {
	};
	objectVersion = 55;
	objects = {

/* Begin PBXBuildFile section */
		5B1D5E632919A1330092DB8F /* KeychainSwift in Frameworks */ = {isa = PBXBuildFile; productRef = 5B1D5E622919A1330092DB8F /* KeychainSwift */; };
		5B298DEB29085CFB00352AA7 /* MapViewModel.swift in Sources */ = {isa = PBXBuildFile; fileRef = 5B298DEA29085CFB00352AA7 /* MapViewModel.swift */; };
		5B35A0482919A61C007E038D /* LoginViewModelTests.swift in Sources */ = {isa = PBXBuildFile; fileRef = 5B1D5E712919A4580092DB8F /* LoginViewModelTests.swift */; };
		5B35A0492919A61C007E038D /* NetworkModelSpy.swift in Sources */ = {isa = PBXBuildFile; fileRef = 5B1D5E6F2919A43A0092DB8F /* NetworkModelSpy.swift */; };
		5B6C6A43290846BF00975D82 /* MapViewController.swift in Sources */ = {isa = PBXBuildFile; fileRef = 5B6C6A42290846BF00975D82 /* MapViewController.swift */; };
		5B7198F22901E43D003DEA3A /* TableViewCell.xib in Resources */ = {isa = PBXBuildFile; fileRef = 5B7198F12901E43D003DEA3A /* TableViewCell.xib */; };
		5B7198F62901E580003DEA3A /* TableViewCell.swift in Sources */ = {isa = PBXBuildFile; fileRef = 5B7198F52901E580003DEA3A /* TableViewCell.swift */; };
		5B7198F92901E615003DEA3A /* UIImageViewExtension.swift in Sources */ = {isa = PBXBuildFile; fileRef = 5B7198F82901E615003DEA3A /* UIImageViewExtension.swift */; };
		5B9231472906E9CB00E2D5E0 /* CharacterModel.swift in Sources */ = {isa = PBXBuildFile; fileRef = 5B9231462906E9CB00E2D5E0 /* CharacterModel.swift */; };
		5B92314E2906EA5A00E2D5E0 /* CharacterCD+CoreDataClass.swift in Sources */ = {isa = PBXBuildFile; fileRef = 5B92314C2906EA5A00E2D5E0 /* CharacterCD+CoreDataClass.swift */; };
		5B92314F2906EA5A00E2D5E0 /* CharacterCD+CoreDataProperties.swift in Sources */ = {isa = PBXBuildFile; fileRef = 5B92314D2906EA5A00E2D5E0 /* CharacterCD+CoreDataProperties.swift */; };
		5B9231512906ED7C00E2D5E0 /* CoreDataManager.swift in Sources */ = {isa = PBXBuildFile; fileRef = 5B9231502906ED7C00E2D5E0 /* CoreDataManager.swift */; };
		5BD757EC2919AA8800024BE5 /* CoreDataManagerSpy.swift in Sources */ = {isa = PBXBuildFile; fileRef = 5BD757EB2919AA8800024BE5 /* CoreDataManagerSpy.swift */; };
		5BF7E86928F78F0A0024ECF8 /* AppDelegate.swift in Sources */ = {isa = PBXBuildFile; fileRef = 5BF7E86828F78F0A0024ECF8 /* AppDelegate.swift */; };
		5BF7E86B28F78F0A0024ECF8 /* SceneDelegate.swift in Sources */ = {isa = PBXBuildFile; fileRef = 5BF7E86A28F78F0A0024ECF8 /* SceneDelegate.swift */; };
		5BF7E87328F78F0A0024ECF8 /* iOSAvanzadoPractica.xcdatamodeld in Sources */ = {isa = PBXBuildFile; fileRef = 5BF7E87128F78F0A0024ECF8 /* iOSAvanzadoPractica.xcdatamodeld */; };
		5BF7E87528F78F0B0024ECF8 /* Assets.xcassets in Resources */ = {isa = PBXBuildFile; fileRef = 5BF7E87428F78F0B0024ECF8 /* Assets.xcassets */; };
		5BF7E87828F78F0B0024ECF8 /* LaunchScreen.storyboard in Resources */ = {isa = PBXBuildFile; fileRef = 5BF7E87628F78F0B0024ECF8 /* LaunchScreen.storyboard */; };
		5BF7E88428F792D90024ECF8 /* Login.storyboard in Resources */ = {isa = PBXBuildFile; fileRef = 5BF7E88328F792D90024ECF8 /* Login.storyboard */; };
		5BF7E88628F792E50024ECF8 /* LoginViewController.swift in Sources */ = {isa = PBXBuildFile; fileRef = 5BF7E88528F792E50024ECF8 /* LoginViewController.swift */; };
		5BF7E88828F792F00024ECF8 /* LoginViewModel.swift in Sources */ = {isa = PBXBuildFile; fileRef = 5BF7E88728F792F00024ECF8 /* LoginViewModel.swift */; };
		5BF7E88B28F79EBF0024ECF8 /* NetworkModel.swift in Sources */ = {isa = PBXBuildFile; fileRef = 5BF7E88A28F79EBF0024ECF8 /* NetworkModel.swift */; };
		5BF7E89128F7BDC30024ECF8 /* HeroesMenu.storyboard in Resources */ = {isa = PBXBuildFile; fileRef = 5BF7E89028F7BDC30024ECF8 /* HeroesMenu.storyboard */; };
		5BF7E89328F7BDD00024ECF8 /* HeroesMenuViewController.swift in Sources */ = {isa = PBXBuildFile; fileRef = 5BF7E89228F7BDD00024ECF8 /* HeroesMenuViewController.swift */; };
		5BF7E89528F7BDE50024ECF8 /* HeroesMenuViewModel.swift in Sources */ = {isa = PBXBuildFile; fileRef = 5BF7E89428F7BDE50024ECF8 /* HeroesMenuViewModel.swift */; };
/* End PBXBuildFile section */

/* Begin PBXContainerItemProxy section */
		5B35A0432919A619007E038D /* PBXContainerItemProxy */ = {
			isa = PBXContainerItemProxy;
			containerPortal = 5BF7E85D28F78F0A0024ECF8 /* Project object */;
			proxyType = 1;
			remoteGlobalIDString = 5BF7E86428F78F0A0024ECF8;
			remoteInfo = IOSAvanzadoPractica;
		};
/* End PBXContainerItemProxy section */

/* Begin PBXFileReference section */
		5B1D5E6F2919A43A0092DB8F /* NetworkModelSpy.swift */ = {isa = PBXFileReference; lastKnownFileType = sourcecode.swift; path = NetworkModelSpy.swift; sourceTree = "<group>"; };
		5B1D5E712919A4580092DB8F /* LoginViewModelTests.swift */ = {isa = PBXFileReference; lastKnownFileType = sourcecode.swift; path = LoginViewModelTests.swift; sourceTree = "<group>"; };
		5B298DEA29085CFB00352AA7 /* MapViewModel.swift */ = {isa = PBXFileReference; lastKnownFileType = sourcecode.swift; path = MapViewModel.swift; sourceTree = "<group>"; };
		5B35A03F2919A619007E038D /* IOSAvanzadoPracticaTests.xctest */ = {isa = PBXFileReference; explicitFileType = wrapper.cfbundle; includeInIndex = 0; path = IOSAvanzadoPracticaTests.xctest; sourceTree = BUILT_PRODUCTS_DIR; };
		5B6C6A42290846BF00975D82 /* MapViewController.swift */ = {isa = PBXFileReference; lastKnownFileType = sourcecode.swift; path = MapViewController.swift; sourceTree = "<group>"; };
		5B7198F12901E43D003DEA3A /* TableViewCell.xib */ = {isa = PBXFileReference; fileEncoding = 4; lastKnownFileType = file.xib; path = TableViewCell.xib; sourceTree = "<group>"; };
		5B7198F52901E580003DEA3A /* TableViewCell.swift */ = {isa = PBXFileReference; lastKnownFileType = sourcecode.swift; path = TableViewCell.swift; sourceTree = "<group>"; };
		5B7198F82901E615003DEA3A /* UIImageViewExtension.swift */ = {isa = PBXFileReference; fileEncoding = 4; lastKnownFileType = sourcecode.swift; path = UIImageViewExtension.swift; sourceTree = "<group>"; };
		5B9231462906E9CB00E2D5E0 /* CharacterModel.swift */ = {isa = PBXFileReference; lastKnownFileType = sourcecode.swift; path = CharacterModel.swift; sourceTree = "<group>"; };
		5B92314C2906EA5A00E2D5E0 /* CharacterCD+CoreDataClass.swift */ = {isa = PBXFileReference; lastKnownFileType = sourcecode.swift; path = "CharacterCD+CoreDataClass.swift"; sourceTree = "<group>"; };
		5B92314D2906EA5A00E2D5E0 /* CharacterCD+CoreDataProperties.swift */ = {isa = PBXFileReference; lastKnownFileType = sourcecode.swift; path = "CharacterCD+CoreDataProperties.swift"; sourceTree = "<group>"; };
		5B9231502906ED7C00E2D5E0 /* CoreDataManager.swift */ = {isa = PBXFileReference; lastKnownFileType = sourcecode.swift; path = CoreDataManager.swift; sourceTree = "<group>"; };
		5BD757EB2919AA8800024BE5 /* CoreDataManagerSpy.swift */ = {isa = PBXFileReference; lastKnownFileType = sourcecode.swift; path = CoreDataManagerSpy.swift; sourceTree = "<group>"; };
		5BF7E86528F78F0A0024ECF8 /* IOSAvanzadoPractica.app */ = {isa = PBXFileReference; explicitFileType = wrapper.application; includeInIndex = 0; path = IOSAvanzadoPractica.app; sourceTree = BUILT_PRODUCTS_DIR; };
		5BF7E86828F78F0A0024ECF8 /* AppDelegate.swift */ = {isa = PBXFileReference; lastKnownFileType = sourcecode.swift; path = AppDelegate.swift; sourceTree = "<group>"; };
		5BF7E86A28F78F0A0024ECF8 /* SceneDelegate.swift */ = {isa = PBXFileReference; lastKnownFileType = sourcecode.swift; path = SceneDelegate.swift; sourceTree = "<group>"; };
		5BF7E87228F78F0A0024ECF8 /* iOSAvanzadoPractica.xcdatamodel */ = {isa = PBXFileReference; lastKnownFileType = wrapper.xcdatamodel; path = iOSAvanzadoPractica.xcdatamodel; sourceTree = "<group>"; };
		5BF7E87428F78F0B0024ECF8 /* Assets.xcassets */ = {isa = PBXFileReference; lastKnownFileType = folder.assetcatalog; path = Assets.xcassets; sourceTree = "<group>"; };
		5BF7E87728F78F0B0024ECF8 /* Base */ = {isa = PBXFileReference; lastKnownFileType = file.storyboard; name = Base; path = Base.lproj/LaunchScreen.storyboard; sourceTree = "<group>"; };
		5BF7E87928F78F0C0024ECF8 /* Info.plist */ = {isa = PBXFileReference; lastKnownFileType = text.plist.xml; path = Info.plist; sourceTree = "<group>"; };
		5BF7E88328F792D90024ECF8 /* Login.storyboard */ = {isa = PBXFileReference; lastKnownFileType = file.storyboard; path = Login.storyboard; sourceTree = "<group>"; };
		5BF7E88528F792E50024ECF8 /* LoginViewController.swift */ = {isa = PBXFileReference; lastKnownFileType = sourcecode.swift; path = LoginViewController.swift; sourceTree = "<group>"; };
		5BF7E88728F792F00024ECF8 /* LoginViewModel.swift */ = {isa = PBXFileReference; lastKnownFileType = sourcecode.swift; path = LoginViewModel.swift; sourceTree = "<group>"; };
		5BF7E88A28F79EBF0024ECF8 /* NetworkModel.swift */ = {isa = PBXFileReference; lastKnownFileType = sourcecode.swift; path = NetworkModel.swift; sourceTree = "<group>"; };
		5BF7E89028F7BDC30024ECF8 /* HeroesMenu.storyboard */ = {isa = PBXFileReference; lastKnownFileType = file.storyboard; path = HeroesMenu.storyboard; sourceTree = "<group>"; };
		5BF7E89228F7BDD00024ECF8 /* HeroesMenuViewController.swift */ = {isa = PBXFileReference; lastKnownFileType = sourcecode.swift; path = HeroesMenuViewController.swift; sourceTree = "<group>"; };
		5BF7E89428F7BDE50024ECF8 /* HeroesMenuViewModel.swift */ = {isa = PBXFileReference; lastKnownFileType = sourcecode.swift; path = HeroesMenuViewModel.swift; sourceTree = "<group>"; };
/* End PBXFileReference section */

/* Begin PBXFrameworksBuildPhase section */
		5B35A03C2919A619007E038D /* Frameworks */ = {
			isa = PBXFrameworksBuildPhase;
			buildActionMask = 2147483647;
			files = (
			);
			runOnlyForDeploymentPostprocessing = 0;
		};
		5BF7E86228F78F0A0024ECF8 /* Frameworks */ = {
			isa = PBXFrameworksBuildPhase;
			buildActionMask = 2147483647;
			files = (
				5B1D5E632919A1330092DB8F /* KeychainSwift in Frameworks */,
			);
			runOnlyForDeploymentPostprocessing = 0;
		};
/* End PBXFrameworksBuildPhase section */

/* Begin PBXGroup section */
		5B35A0402919A619007E038D /* IOSAvanzadoPracticaTests */ = {
			isa = PBXGroup;
			children = (
				5B1D5E6F2919A43A0092DB8F /* NetworkModelSpy.swift */,
				5B1D5E712919A4580092DB8F /* LoginViewModelTests.swift */,
				5BD757EB2919AA8800024BE5 /* CoreDataManagerSpy.swift */,
			);
			path = IOSAvanzadoPracticaTests;
			sourceTree = "<group>";
		};
		5B7198F72901E5CA003DEA3A /* Extensions */ = {
			isa = PBXGroup;
			children = (
				5B7198F82901E615003DEA3A /* UIImageViewExtension.swift */,
			);
			path = Extensions;
			sourceTree = "<group>";
		};
		5B9231442906E9A600E2D5E0 /* CoreData */ = {
			isa = PBXGroup;
			children = (
				5B92314C2906EA5A00E2D5E0 /* CharacterCD+CoreDataClass.swift */,
				5B92314D2906EA5A00E2D5E0 /* CharacterCD+CoreDataProperties.swift */,
				5BF7E87128F78F0A0024ECF8 /* iOSAvanzadoPractica.xcdatamodeld */,
				5B9231502906ED7C00E2D5E0 /* CoreDataManager.swift */,
			);
			path = CoreData;
			sourceTree = "<group>";
		};
		5B9231452906E9C100E2D5E0 /* Models */ = {
			isa = PBXGroup;
			children = (
				5B9231462906E9CB00E2D5E0 /* CharacterModel.swift */,
			);
			path = Models;
			sourceTree = "<group>";
		};
		5BF7E85C28F78F0A0024ECF8 = {
			isa = PBXGroup;
			children = (
				5BF7E86728F78F0A0024ECF8 /* IOSAvanzadoPractica */,
				5B35A0402919A619007E038D /* IOSAvanzadoPracticaTests */,
				5BF7E86628F78F0A0024ECF8 /* Products */,
			);
			sourceTree = "<group>";
		};
		5BF7E86628F78F0A0024ECF8 /* Products */ = {
			isa = PBXGroup;
			children = (
				5BF7E86528F78F0A0024ECF8 /* IOSAvanzadoPractica.app */,
				5B35A03F2919A619007E038D /* IOSAvanzadoPracticaTests.xctest */,
			);
			name = Products;
			sourceTree = "<group>";
		};
		5BF7E86728F78F0A0024ECF8 /* IOSAvanzadoPractica */ = {
			isa = PBXGroup;
			children = (
				5B9231442906E9A600E2D5E0 /* CoreData */,
				5BF7E88C28F7BDA10024ECF8 /* HeroesMenu */,
				5BF7E87F28F78F9C0024ECF8 /* Login */,
				5B7198F72901E5CA003DEA3A /* Extensions */,
				5BF7E88928F79EB30024ECF8 /* Utils */,
				5BF7E86828F78F0A0024ECF8 /* AppDelegate.swift */,
				5BF7E86A28F78F0A0024ECF8 /* SceneDelegate.swift */,
				5BF7E87428F78F0B0024ECF8 /* Assets.xcassets */,
				5BF7E87628F78F0B0024ECF8 /* LaunchScreen.storyboard */,
				5BF7E87928F78F0C0024ECF8 /* Info.plist */,
			);
			path = IOSAvanzadoPractica;
			sourceTree = "<group>";
		};
		5BF7E87F28F78F9C0024ECF8 /* Login */ = {
			isa = PBXGroup;
			children = (
				5BF7E88228F792CA0024ECF8 /* ViewModels */,
				5BF7E88128F792C60024ECF8 /* Controllers */,
				5BF7E88028F792BD0024ECF8 /* Views */,
			);
			path = Login;
			sourceTree = "<group>";
		};
		5BF7E88028F792BD0024ECF8 /* Views */ = {
			isa = PBXGroup;
			children = (
				5BF7E88328F792D90024ECF8 /* Login.storyboard */,
			);
			path = Views;
			sourceTree = "<group>";
		};
		5BF7E88128F792C60024ECF8 /* Controllers */ = {
			isa = PBXGroup;
			children = (
				5BF7E88528F792E50024ECF8 /* LoginViewController.swift */,
			);
			path = Controllers;
			sourceTree = "<group>";
		};
		5BF7E88228F792CA0024ECF8 /* ViewModels */ = {
			isa = PBXGroup;
			children = (
				5BF7E88728F792F00024ECF8 /* LoginViewModel.swift */,
			);
			path = ViewModels;
			sourceTree = "<group>";
		};
		5BF7E88928F79EB30024ECF8 /* Utils */ = {
			isa = PBXGroup;
			children = (
				5BF7E88A28F79EBF0024ECF8 /* NetworkModel.swift */,
			);
			path = Utils;
			sourceTree = "<group>";
		};
		5BF7E88C28F7BDA10024ECF8 /* HeroesMenu */ = {
			isa = PBXGroup;
			children = (
				5B9231452906E9C100E2D5E0 /* Models */,
				5BF7E88F28F7BDB10024ECF8 /* ViewModels */,
				5BF7E88E28F7BDAC0024ECF8 /* Controllers */,
				5BF7E88D28F7BDA90024ECF8 /* Views */,
			);
			path = HeroesMenu;
			sourceTree = "<group>";
		};
		5BF7E88D28F7BDA90024ECF8 /* Views */ = {
			isa = PBXGroup;
			children = (
				5B7198F12901E43D003DEA3A /* TableViewCell.xib */,
				5BF7E89028F7BDC30024ECF8 /* HeroesMenu.storyboard */,
			);
			path = Views;
			sourceTree = "<group>";
		};
		5BF7E88E28F7BDAC0024ECF8 /* Controllers */ = {
			isa = PBXGroup;
			children = (
				5BF7E89228F7BDD00024ECF8 /* HeroesMenuViewController.swift */,
				5B7198F52901E580003DEA3A /* TableViewCell.swift */,
				5B6C6A42290846BF00975D82 /* MapViewController.swift */,
			);
			path = Controllers;
			sourceTree = "<group>";
		};
		5BF7E88F28F7BDB10024ECF8 /* ViewModels */ = {
			isa = PBXGroup;
			children = (
				5BF7E89428F7BDE50024ECF8 /* HeroesMenuViewModel.swift */,
				5B298DEA29085CFB00352AA7 /* MapViewModel.swift */,
			);
			path = ViewModels;
			sourceTree = "<group>";
		};
/* End PBXGroup section */

/* Begin PBXNativeTarget section */
		5B35A03E2919A619007E038D /* IOSAvanzadoPracticaTests */ = {
			isa = PBXNativeTarget;
			buildConfigurationList = 5B35A0472919A619007E038D /* Build configuration list for PBXNativeTarget "IOSAvanzadoPracticaTests" */;
			buildPhases = (
				5B35A03B2919A619007E038D /* Sources */,
				5B35A03C2919A619007E038D /* Frameworks */,
				5B35A03D2919A619007E038D /* Resources */,
			);
			buildRules = (
			);
			dependencies = (
				5B35A0442919A619007E038D /* PBXTargetDependency */,
			);
			name = IOSAvanzadoPracticaTests;
			productName = IOSAvanzadoPracticaTests;
			productReference = 5B35A03F2919A619007E038D /* IOSAvanzadoPracticaTests.xctest */;
			productType = "com.apple.product-type.bundle.unit-test";
		};
		5BF7E86428F78F0A0024ECF8 /* IOSAvanzadoPractica */ = {
			isa = PBXNativeTarget;
			buildConfigurationList = 5BF7E87C28F78F0C0024ECF8 /* Build configuration list for PBXNativeTarget "IOSAvanzadoPractica" */;
			buildPhases = (
				5BF7E86128F78F0A0024ECF8 /* Sources */,
				5BF7E86228F78F0A0024ECF8 /* Frameworks */,
				5BF7E86328F78F0A0024ECF8 /* Resources */,
			);
			buildRules = (
			);
			dependencies = (
			);
			name = IOSAvanzadoPractica;
			packageProductDependencies = (
				5B1D5E622919A1330092DB8F /* KeychainSwift */,
			);
			productName = iOSAvanzadoPractica;
			productReference = 5BF7E86528F78F0A0024ECF8 /* IOSAvanzadoPractica.app */;
			productType = "com.apple.product-type.application";
		};
/* End PBXNativeTarget section */

/* Begin PBXProject section */
		5BF7E85D28F78F0A0024ECF8 /* Project object */ = {
			isa = PBXProject;
			attributes = {
				BuildIndependentTargetsInParallel = 1;
				LastSwiftUpdateCheck = 1410;
				LastUpgradeCheck = 1340;
				TargetAttributes = {
					5B35A03E2919A619007E038D = {
						CreatedOnToolsVersion = 14.1;
						TestTargetID = 5BF7E86428F78F0A0024ECF8;
					};
					5BF7E86428F78F0A0024ECF8 = {
						CreatedOnToolsVersion = 13.4.1;
					};
				};
			};
			buildConfigurationList = 5BF7E86028F78F0A0024ECF8 /* Build configuration list for PBXProject "IOSAvanzadoPractica" */;
			compatibilityVersion = "Xcode 13.0";
			developmentRegion = en;
			hasScannedForEncodings = 0;
			knownRegions = (
				en,
				Base,
			);
			mainGroup = 5BF7E85C28F78F0A0024ECF8;
			packageReferences = (
				5B1D5E612919A1330092DB8F /* XCRemoteSwiftPackageReference "keychain-swift" */,
			);
			productRefGroup = 5BF7E86628F78F0A0024ECF8 /* Products */;
			projectDirPath = "";
			projectRoot = "";
			targets = (
				5BF7E86428F78F0A0024ECF8 /* IOSAvanzadoPractica */,
				5B35A03E2919A619007E038D /* IOSAvanzadoPracticaTests */,
			);
		};
/* End PBXProject section */

/* Begin PBXResourcesBuildPhase section */
		5B35A03D2919A619007E038D /* Resources */ = {
			isa = PBXResourcesBuildPhase;
			buildActionMask = 2147483647;
			files = (
			);
			runOnlyForDeploymentPostprocessing = 0;
		};
		5BF7E86328F78F0A0024ECF8 /* Resources */ = {
			isa = PBXResourcesBuildPhase;
			buildActionMask = 2147483647;
			files = (
				5BF7E87828F78F0B0024ECF8 /* LaunchScreen.storyboard in Resources */,
				5B7198F22901E43D003DEA3A /* TableViewCell.xib in Resources */,
				5BF7E87528F78F0B0024ECF8 /* Assets.xcassets in Resources */,
				5BF7E88428F792D90024ECF8 /* Login.storyboard in Resources */,
				5BF7E89128F7BDC30024ECF8 /* HeroesMenu.storyboard in Resources */,
			);
			runOnlyForDeploymentPostprocessing = 0;
		};
/* End PBXResourcesBuildPhase section */

/* Begin PBXSourcesBuildPhase section */
		5B35A03B2919A619007E038D /* Sources */ = {
			isa = PBXSourcesBuildPhase;
			buildActionMask = 2147483647;
			files = (
				5B35A0482919A61C007E038D /* LoginViewModelTests.swift in Sources */,
				5BD757EC2919AA8800024BE5 /* CoreDataManagerSpy.swift in Sources */,
				5B35A0492919A61C007E038D /* NetworkModelSpy.swift in Sources */,
			);
			runOnlyForDeploymentPostprocessing = 0;
		};
		5BF7E86128F78F0A0024ECF8 /* Sources */ = {
			isa = PBXSourcesBuildPhase;
			buildActionMask = 2147483647;
			files = (
				5BF7E89328F7BDD00024ECF8 /* HeroesMenuViewController.swift in Sources */,
				5BF7E88B28F79EBF0024ECF8 /* NetworkModel.swift in Sources */,
				5B92314E2906EA5A00E2D5E0 /* CharacterCD+CoreDataClass.swift in Sources */,
				5B9231512906ED7C00E2D5E0 /* CoreDataManager.swift in Sources */,
				5BF7E88628F792E50024ECF8 /* LoginViewController.swift in Sources */,
				5BF7E89528F7BDE50024ECF8 /* HeroesMenuViewModel.swift in Sources */,
				5B9231472906E9CB00E2D5E0 /* CharacterModel.swift in Sources */,
				5B298DEB29085CFB00352AA7 /* MapViewModel.swift in Sources */,
				5BF7E87328F78F0A0024ECF8 /* iOSAvanzadoPractica.xcdatamodeld in Sources */,
				5B7198F62901E580003DEA3A /* TableViewCell.swift in Sources */,
				5B7198F92901E615003DEA3A /* UIImageViewExtension.swift in Sources */,
				5BF7E86928F78F0A0024ECF8 /* AppDelegate.swift in Sources */,
				5BF7E88828F792F00024ECF8 /* LoginViewModel.swift in Sources */,
				5B92314F2906EA5A00E2D5E0 /* CharacterCD+CoreDataProperties.swift in Sources */,
				5B6C6A43290846BF00975D82 /* MapViewController.swift in Sources */,
				5BF7E86B28F78F0A0024ECF8 /* SceneDelegate.swift in Sources */,
			);
			runOnlyForDeploymentPostprocessing = 0;
		};
/* End PBXSourcesBuildPhase section */

/* Begin PBXTargetDependency section */
		5B35A0442919A619007E038D /* PBXTargetDependency */ = {
			isa = PBXTargetDependency;
			target = 5BF7E86428F78F0A0024ECF8 /* IOSAvanzadoPractica */;
			targetProxy = 5B35A0432919A619007E038D /* PBXContainerItemProxy */;
		};
/* End PBXTargetDependency section */

/* Begin PBXVariantGroup section */
		5BF7E87628F78F0B0024ECF8 /* LaunchScreen.storyboard */ = {
			isa = PBXVariantGroup;
			children = (
				5BF7E87728F78F0B0024ECF8 /* Base */,
			);
			name = LaunchScreen.storyboard;
			sourceTree = "<group>";
		};
/* End PBXVariantGroup section */

/* Begin XCBuildConfiguration section */
		5B35A0452919A619007E038D /* Debug */ = {
			isa = XCBuildConfiguration;
			buildSettings = {
				BUNDLE_LOADER = "$(TEST_HOST)";
				CLANG_CXX_LANGUAGE_STANDARD = "gnu++20";
				CODE_SIGN_STYLE = Automatic;
				CURRENT_PROJECT_VERSION = 1;
				DEVELOPMENT_TEAM = 5U2MYSX27B;
				GENERATE_INFOPLIST_FILE = YES;
				IPHONEOS_DEPLOYMENT_TARGET = 16.1;
				MARKETING_VERSION = 1.0;
				PRODUCT_BUNDLE_IDENTIFIER = IOSAvanzadoPractica.IOSAvanzadoPracticaTests;
				PRODUCT_NAME = "$(TARGET_NAME)";
				SWIFT_EMIT_LOC_STRINGS = NO;
				SWIFT_VERSION = 5.0;
				TARGETED_DEVICE_FAMILY = "1,2";
				TEST_HOST = "$(BUILT_PRODUCTS_DIR)/IOSAvanzadoPractica.app/$(BUNDLE_EXECUTABLE_FOLDER_PATH)/IOSAvanzadoPractica";
			};
			name = Debug;
		};
		5B35A0462919A619007E038D /* Release */ = {
			isa = XCBuildConfiguration;
			buildSettings = {
				BUNDLE_LOADER = "$(TEST_HOST)";
				CLANG_CXX_LANGUAGE_STANDARD = "gnu++20";
				CODE_SIGN_STYLE = Automatic;
				CURRENT_PROJECT_VERSION = 1;
				DEVELOPMENT_TEAM = 5U2MYSX27B;
				GENERATE_INFOPLIST_FILE = YES;
				IPHONEOS_DEPLOYMENT_TARGET = 16.1;
				MARKETING_VERSION = 1.0;
				PRODUCT_BUNDLE_IDENTIFIER = IOSAvanzadoPractica.IOSAvanzadoPracticaTests;
				PRODUCT_NAME = "$(TARGET_NAME)";
				SWIFT_EMIT_LOC_STRINGS = NO;
				SWIFT_VERSION = 5.0;
				TARGETED_DEVICE_FAMILY = "1,2";
				TEST_HOST = "$(BUILT_PRODUCTS_DIR)/IOSAvanzadoPractica.app/$(BUNDLE_EXECUTABLE_FOLDER_PATH)/IOSAvanzadoPractica";
			};
			name = Release;
		};
		5BF7E87A28F78F0C0024ECF8 /* Debug */ = {
			isa = XCBuildConfiguration;
			buildSettings = {
				ALWAYS_SEARCH_USER_PATHS = NO;
				CLANG_ANALYZER_NONNULL = YES;
				CLANG_ANALYZER_NUMBER_OBJECT_CONVERSION = YES_AGGRESSIVE;
				CLANG_CXX_LANGUAGE_STANDARD = "gnu++17";
				CLANG_ENABLE_MODULES = YES;
				CLANG_ENABLE_OBJC_ARC = YES;
				CLANG_ENABLE_OBJC_WEAK = YES;
				CLANG_WARN_BLOCK_CAPTURE_AUTORELEASING = YES;
				CLANG_WARN_BOOL_CONVERSION = YES;
				CLANG_WARN_COMMA = YES;
				CLANG_WARN_CONSTANT_CONVERSION = YES;
				CLANG_WARN_DEPRECATED_OBJC_IMPLEMENTATIONS = YES;
				CLANG_WARN_DIRECT_OBJC_ISA_USAGE = YES_ERROR;
				CLANG_WARN_DOCUMENTATION_COMMENTS = YES;
				CLANG_WARN_EMPTY_BODY = YES;
				CLANG_WARN_ENUM_CONVERSION = YES;
				CLANG_WARN_INFINITE_RECURSION = YES;
				CLANG_WARN_INT_CONVERSION = YES;
				CLANG_WARN_NON_LITERAL_NULL_CONVERSION = YES;
				CLANG_WARN_OBJC_IMPLICIT_RETAIN_SELF = YES;
				CLANG_WARN_OBJC_LITERAL_CONVERSION = YES;
				CLANG_WARN_OBJC_ROOT_CLASS = YES_ERROR;
				CLANG_WARN_QUOTED_INCLUDE_IN_FRAMEWORK_HEADER = YES;
				CLANG_WARN_RANGE_LOOP_ANALYSIS = YES;
				CLANG_WARN_STRICT_PROTOTYPES = YES;
				CLANG_WARN_SUSPICIOUS_MOVE = YES;
				CLANG_WARN_UNGUARDED_AVAILABILITY = YES_AGGRESSIVE;
				CLANG_WARN_UNREACHABLE_CODE = YES;
				CLANG_WARN__DUPLICATE_METHOD_MATCH = YES;
				COPY_PHASE_STRIP = NO;
				DEBUG_INFORMATION_FORMAT = dwarf;
				ENABLE_STRICT_OBJC_MSGSEND = YES;
				ENABLE_TESTABILITY = YES;
				GCC_C_LANGUAGE_STANDARD = gnu11;
				GCC_DYNAMIC_NO_PIC = NO;
				GCC_NO_COMMON_BLOCKS = YES;
				GCC_OPTIMIZATION_LEVEL = 0;
				GCC_PREPROCESSOR_DEFINITIONS = (
					"DEBUG=1",
					"$(inherited)",
				);
				GCC_WARN_64_TO_32_BIT_CONVERSION = YES;
				GCC_WARN_ABOUT_RETURN_TYPE = YES_ERROR;
				GCC_WARN_UNDECLARED_SELECTOR = YES;
				GCC_WARN_UNINITIALIZED_AUTOS = YES_AGGRESSIVE;
				GCC_WARN_UNUSED_FUNCTION = YES;
				GCC_WARN_UNUSED_VARIABLE = YES;
				IPHONEOS_DEPLOYMENT_TARGET = 15.5;
				MTL_ENABLE_DEBUG_INFO = INCLUDE_SOURCE;
				MTL_FAST_MATH = YES;
				ONLY_ACTIVE_ARCH = YES;
				SDKROOT = iphoneos;
				SWIFT_ACTIVE_COMPILATION_CONDITIONS = DEBUG;
				SWIFT_OPTIMIZATION_LEVEL = "-Onone";
			};
			name = Debug;
		};
		5BF7E87B28F78F0C0024ECF8 /* Release */ = {
			isa = XCBuildConfiguration;
			buildSettings = {
				ALWAYS_SEARCH_USER_PATHS = NO;
				CLANG_ANALYZER_NONNULL = YES;
				CLANG_ANALYZER_NUMBER_OBJECT_CONVERSION = YES_AGGRESSIVE;
				CLANG_CXX_LANGUAGE_STANDARD = "gnu++17";
				CLANG_ENABLE_MODULES = YES;
				CLANG_ENABLE_OBJC_ARC = YES;
				CLANG_ENABLE_OBJC_WEAK = YES;
				CLANG_WARN_BLOCK_CAPTURE_AUTORELEASING = YES;
				CLANG_WARN_BOOL_CONVERSION = YES;
				CLANG_WARN_COMMA = YES;
				CLANG_WARN_CONSTANT_CONVERSION = YES;
				CLANG_WARN_DEPRECATED_OBJC_IMPLEMENTATIONS = YES;
				CLANG_WARN_DIRECT_OBJC_ISA_USAGE = YES_ERROR;
				CLANG_WARN_DOCUMENTATION_COMMENTS = YES;
				CLANG_WARN_EMPTY_BODY = YES;
				CLANG_WARN_ENUM_CONVERSION = YES;
				CLANG_WARN_INFINITE_RECURSION = YES;
				CLANG_WARN_INT_CONVERSION = YES;
				CLANG_WARN_NON_LITERAL_NULL_CONVERSION = YES;
				CLANG_WARN_OBJC_IMPLICIT_RETAIN_SELF = YES;
				CLANG_WARN_OBJC_LITERAL_CONVERSION = YES;
				CLANG_WARN_OBJC_ROOT_CLASS = YES_ERROR;
				CLANG_WARN_QUOTED_INCLUDE_IN_FRAMEWORK_HEADER = YES;
				CLANG_WARN_RANGE_LOOP_ANALYSIS = YES;
				CLANG_WARN_STRICT_PROTOTYPES = YES;
				CLANG_WARN_SUSPICIOUS_MOVE = YES;
				CLANG_WARN_UNGUARDED_AVAILABILITY = YES_AGGRESSIVE;
				CLANG_WARN_UNREACHABLE_CODE = YES;
				CLANG_WARN__DUPLICATE_METHOD_MATCH = YES;
				COPY_PHASE_STRIP = NO;
				DEBUG_INFORMATION_FORMAT = "dwarf-with-dsym";
				ENABLE_NS_ASSERTIONS = NO;
				ENABLE_STRICT_OBJC_MSGSEND = YES;
				GCC_C_LANGUAGE_STANDARD = gnu11;
				GCC_NO_COMMON_BLOCKS = YES;
				GCC_WARN_64_TO_32_BIT_CONVERSION = YES;
				GCC_WARN_ABOUT_RETURN_TYPE = YES_ERROR;
				GCC_WARN_UNDECLARED_SELECTOR = YES;
				GCC_WARN_UNINITIALIZED_AUTOS = YES_AGGRESSIVE;
				GCC_WARN_UNUSED_FUNCTION = YES;
				GCC_WARN_UNUSED_VARIABLE = YES;
				IPHONEOS_DEPLOYMENT_TARGET = 15.5;
				MTL_ENABLE_DEBUG_INFO = NO;
				MTL_FAST_MATH = YES;
				SDKROOT = iphoneos;
				SWIFT_COMPILATION_MODE = wholemodule;
				SWIFT_OPTIMIZATION_LEVEL = "-O";
				VALIDATE_PRODUCT = YES;
			};
			name = Release;
		};
		5BF7E87D28F78F0C0024ECF8 /* Debug */ = {
			isa = XCBuildConfiguration;
			buildSettings = {
				ASSETCATALOG_COMPILER_APPICON_NAME = AppIcon;
				ASSETCATALOG_COMPILER_GLOBAL_ACCENT_COLOR_NAME = AccentColor;
				CODE_SIGN_STYLE = Automatic;
				CURRENT_PROJECT_VERSION = 1;
				DEVELOPMENT_TEAM = 5U2MYSX27B;
				GENERATE_INFOPLIST_FILE = YES;
				INFOPLIST_FILE = iOSAvanzadoPractica/Info.plist;
				INFOPLIST_KEY_CFBundleDisplayName = "Ios Avanzado Practica";
				INFOPLIST_KEY_UIApplicationSupportsIndirectInputEvents = YES;
				INFOPLIST_KEY_UILaunchStoryboardName = LaunchScreen;
				INFOPLIST_KEY_UISupportedInterfaceOrientations_iPad = "UIInterfaceOrientationPortrait UIInterfaceOrientationPortraitUpsideDown UIInterfaceOrientationLandscapeLeft UIInterfaceOrientationLandscapeRight";
				INFOPLIST_KEY_UISupportedInterfaceOrientations_iPhone = "UIInterfaceOrientationPortrait UIInterfaceOrientationLandscapeLeft UIInterfaceOrientationLandscapeRight";
				LD_RUNPATH_SEARCH_PATHS = (
					"$(inherited)",
					"@executable_path/Frameworks",
				);
				MARKETING_VERSION = 1.0;
				PRODUCT_BUNDLE_IDENTIFIER = com.RodrigoLatorre.iOSAvanzadoPractica;
				PRODUCT_NAME = "$(TARGET_NAME)";
				SWIFT_EMIT_LOC_STRINGS = YES;
				SWIFT_VERSION = 5.0;
				TARGETED_DEVICE_FAMILY = "1,2";
			};
			name = Debug;
		};
		5BF7E87E28F78F0C0024ECF8 /* Release */ = {
			isa = XCBuildConfiguration;
			buildSettings = {
				ASSETCATALOG_COMPILER_APPICON_NAME = AppIcon;
				ASSETCATALOG_COMPILER_GLOBAL_ACCENT_COLOR_NAME = AccentColor;
				CODE_SIGN_STYLE = Automatic;
				CURRENT_PROJECT_VERSION = 1;
				DEVELOPMENT_TEAM = 5U2MYSX27B;
				GENERATE_INFOPLIST_FILE = YES;
				INFOPLIST_FILE = iOSAvanzadoPractica/Info.plist;
				INFOPLIST_KEY_CFBundleDisplayName = "Ios Avanzado Practica";
				INFOPLIST_KEY_UIApplicationSupportsIndirectInputEvents = YES;
				INFOPLIST_KEY_UILaunchStoryboardName = LaunchScreen;
				INFOPLIST_KEY_UISupportedInterfaceOrientations_iPad = "UIInterfaceOrientationPortrait UIInterfaceOrientationPortraitUpsideDown UIInterfaceOrientationLandscapeLeft UIInterfaceOrientationLandscapeRight";
				INFOPLIST_KEY_UISupportedInterfaceOrientations_iPhone = "UIInterfaceOrientationPortrait UIInterfaceOrientationLandscapeLeft UIInterfaceOrientationLandscapeRight";
				LD_RUNPATH_SEARCH_PATHS = (
					"$(inherited)",
					"@executable_path/Frameworks",
				);
				MARKETING_VERSION = 1.0;
				PRODUCT_BUNDLE_IDENTIFIER = com.RodrigoLatorre.iOSAvanzadoPractica;
				PRODUCT_NAME = "$(TARGET_NAME)";
				SWIFT_EMIT_LOC_STRINGS = YES;
				SWIFT_VERSION = 5.0;
				TARGETED_DEVICE_FAMILY = "1,2";
			};
			name = Release;
		};
/* End XCBuildConfiguration section */

/* Begin XCConfigurationList section */
		5B35A0472919A619007E038D /* Build configuration list for PBXNativeTarget "IOSAvanzadoPracticaTests" */ = {
			isa = XCConfigurationList;
			buildConfigurations = (
				5B35A0452919A619007E038D /* Debug */,
				5B35A0462919A619007E038D /* Release */,
			);
			defaultConfigurationIsVisible = 0;
			defaultConfigurationName = Release;
		};
		5BF7E86028F78F0A0024ECF8 /* Build configuration list for PBXProject "IOSAvanzadoPractica" */ = {
			isa = XCConfigurationList;
			buildConfigurations = (
				5BF7E87A28F78F0C0024ECF8 /* Debug */,
				5BF7E87B28F78F0C0024ECF8 /* Release */,
			);
			defaultConfigurationIsVisible = 0;
			defaultConfigurationName = Release;
		};
		5BF7E87C28F78F0C0024ECF8 /* Build configuration list for PBXNativeTarget "IOSAvanzadoPractica" */ = {
			isa = XCConfigurationList;
			buildConfigurations = (
				5BF7E87D28F78F0C0024ECF8 /* Debug */,
				5BF7E87E28F78F0C0024ECF8 /* Release */,
			);
			defaultConfigurationIsVisible = 0;
			defaultConfigurationName = Release;
		};
/* End XCConfigurationList section */

/* Begin XCRemoteSwiftPackageReference section */
		5B1D5E612919A1330092DB8F /* XCRemoteSwiftPackageReference "keychain-swift" */ = {
			isa = XCRemoteSwiftPackageReference;
			repositoryURL = "http://github.com/evgenyneu/keychain-swift";
			requirement = {
				branch = master;
				kind = branch;
			};
		};
/* End XCRemoteSwiftPackageReference section */

/* Begin XCSwiftPackageProductDependency section */
		5B1D5E622919A1330092DB8F /* KeychainSwift */ = {
			isa = XCSwiftPackageProductDependency;
			package = 5B1D5E612919A1330092DB8F /* XCRemoteSwiftPackageReference "keychain-swift" */;
			productName = KeychainSwift;
		};
/* End XCSwiftPackageProductDependency section */

/* Begin XCVersionGroup section */
		5BF7E87128F78F0A0024ECF8 /* iOSAvanzadoPractica.xcdatamodeld */ = {
			isa = XCVersionGroup;
			children = (
				5BF7E87228F78F0A0024ECF8 /* iOSAvanzadoPractica.xcdatamodel */,
			);
			currentVersion = 5BF7E87228F78F0A0024ECF8 /* iOSAvanzadoPractica.xcdatamodel */;
			path = iOSAvanzadoPractica.xcdatamodeld;
			sourceTree = "<group>";
			versionGroupType = wrapper.xcdatamodel;
		};
/* End XCVersionGroup section */
	};
	rootObject = 5BF7E85D28F78F0A0024ECF8 /* Project object */;
}
